{
  "version": 4,
  "terraform_version": "1.4.4",
  "serial": 30,
  "lineage": "7304d5de-47f6-de5d-0b48-19f6cfc1d175",
  "outputs": {
    "external_ip_address_vm_1": {
      "value": "",
      "type": "string"
    },
    "internal_ip_address_vm_1": {
      "value": "192.168.0.4",
      "type": "string"
    }
  },
  "resources": [
    {
      "mode": "managed",
      "type": "yandex_compute_instance",
      "name": "sykamashin",
      "provider": "provider[\"registry.terraform.io/yandex-cloud/yandex\"]",
      "instances": [
        {
          "schema_version": 1,
          "attributes": {
            "allow_recreate": null,
            "allow_stopping_for_update": null,
            "boot_disk": [
              {
                "auto_delete": true,
                "device_name": "epdsdbed52trf83am5pv",
                "disk_id": "epdsdbed52trf83am5pv",
                "initialize_params": [
                  {
                    "block_size": 4096,
                    "description": "",
                    "image_id": "fd89a79t1ttbrpfnk3di",
                    "name": "",
                    "size": 10,
                    "snapshot_id": "",
                    "type": "network-hdd"
                  }
                ],
                "mode": "READ_WRITE"
              }
            ],
            "created_at": "2023-04-03T00:54:19Z",
            "description": "создал ВМ через терраформ",
            "filesystem": [],
            "folder_id": "b1gd4d7843kr3km8urvc",
            "fqdn": "epdjrkeepcbn8g0ab8uk.auto.internal",
            "gpu_cluster_id": "",
            "hostname": "",
            "id": "epdjrkeepcbn8g0ab8uk",
            "labels": {},
            "local_disk": [],
            "metadata": {
              "ssh-keys": "ubuntu:ssh-rsa AAAAB3NzaC1yc2EAAAADAQABAAABgQDjd4N0K0qLyjU0lLRdfP5yu7x/Le9RQxoREoZCafiAQOlHc3+TXfoLOCG9n84SBymbsCLEIo4LRee1EaGScJ0XO7HBw5a6B32QAowzD3RZHR8kJzuGpn6NsPdciycYK6zerQ3RhsaigIU2qZ/rKJVNZIYF4yehHKVIkCF7pe1hqfenpAA6q/x2f/TduRooOQrHH4xSSomaJxuFPnF/LAKZ156/EhhjmNU7v65koKW9p4K3EzReVP0cvRQbn+ZoFx1DCPmi0ZyY6cJoaw+Tk7WNyvKOuT0wwg8MKLFZIyD9fcKO2ftSr2n3/wQbdNCRkLttn+2GgcwJGEtwNqc2u2VKLLUNfuNf8bcVKv+8TdG1KJwU98N7qs69zeHp4q2nKMfoime0U78/EPobO81nmh9s+AOtjKj7hBRr8Ch3GslSsZbtmH7yec8Q6ITredlwkugkDjn/JW1qAHlcD8AIoN94z7mxdSIGchl2kxTFySvZlsVbAwjQ5sBtUskb1rWSdBs= smvn@PowefulMachine\n"
            },
            "metadata_options": [
              {
                "aws_v1_http_endpoint": 1,
                "aws_v1_http_token": 2,
                "gce_http_endpoint": 1,
                "gce_http_token": 1
              }
            ],
            "name": "sykamashin",
            "network_acceleration_type": "standard",
            "network_interface": [
              {
                "dns_record": [],
                "index": 0,
                "ip_address": "192.168.0.4",
                "ipv4": true,
                "ipv6": false,
                "ipv6_address": "",
                "ipv6_dns_record": [],
                "mac_address": "d0:0d:13:dd:1c:ec",
                "nat": true,
                "nat_dns_record": [],
                "nat_ip_address": "",
                "nat_ip_version": "IPV4",
                "security_group_ids": [],
                "subnet_id": "e2lp7u64ccpfjfhdvo20"
              }
            ],
            "placement_policy": [
              {
                "host_affinity_rules": [],
                "placement_group_id": ""
              }
            ],
            "platform_id": "standard-v1",
            "resources": [
              {
                "core_fraction": 100,
                "cores": 2,
                "gpus": 0,
                "memory": 2
              }
            ],
            "scheduling_policy": [
              {
                "preemptible": false
              }
            ],
            "secondary_disk": [],
            "service_account_id": "",
            "status": "stopped",
            "timeouts": null,
            "zone": "ru-central1-b"
          },
          "sensitive_attributes": [],
          "private": "eyJlMmJmYjczMC1lY2FhLTExZTYtOGY4OC0zNDM2M2JjN2M0YzAiOnsiY3JlYXRlIjozMDAwMDAwMDAwMDAsImRlbGV0ZSI6MzAwMDAwMDAwMDAwLCJ1cGRhdGUiOjMwMDAwMDAwMDAwMH0sInNjaGVtYV92ZXJzaW9uIjoiMSJ9"
        }
      ]
    },
    {
      "mode": "managed",
      "type": "yandex_mdb_postgresql_cluster",
      "name": "cluster-psql-1",
      "provider": "provider[\"registry.terraform.io/yandex-cloud/yandex\"]",
      "instances": [
        {
          "schema_version": 0,
          "attributes": {
            "config": [
              {
                "access": [
                  {
                    "data_lens": false,
                    "data_transfer": false,
                    "serverless": false,
                    "web_sql": false
                  }
                ],
                "autofailover": true,
                "backup_retain_period_days": 7,
                "backup_window_start": [
                  {
                    "hours": 0,
                    "minutes": 0
                  }
                ],
                "performance_diagnostics": [
                  {
                    "enabled": false,
                    "sessions_sampling_interval": 60,
                    "statements_sampling_interval": 600
                  }
                ],
                "pooler_config": [],
                "postgresql_config": {
                  "autovacuum_vacuum_scale_factor": "0.34",
                  "default_transaction_isolation": "TRANSACTION_ISOLATION_READ_COMMITTED",
                  "enable_parallel_hash": "true",
                  "max_connections": "395",
                  "shared_preload_libraries": "SHARED_PRELOAD_LIBRARIES_AUTO_EXPLAIN,SHARED_PRELOAD_LIBRARIES_PG_HINT_PLAN",
                  "vacuum_cleanup_index_scale_factor": "0.2"
                },
                "resources": [
                  {
                    "disk_size": 16,
                    "disk_type_id": "network-hdd",
                    "resource_preset_id": "s2.micro"
                  }
                ],
                "version": "12"
              }
            ],
            "created_at": "2023-04-03T01:23:01Z",
            "database": [
              {
                "extension": [],
                "lc_collate": "C",
                "lc_type": "C",
                "name": "psql-1",
                "owner": "PowerfullMashin",
                "template_db": ""
              }
            ],
            "deletion_protection": false,
            "description": "",
            "environment": "PRESTABLE",
            "folder_id": "b1gd4d7843kr3km8urvc",
            "health": "HEALTH_UNKNOWN",
            "host": [
              {
                "assign_public_ip": false,
                "fqdn": "rc1b-anxdxz2fq5r23iv6.mdb.yandexcloud.net",
                "name": "",
                "priority": 0,
                "replication_source": "",
                "replication_source_name": "",
                "role": "MASTER",
                "subnet_id": "e2lgosgbufog8o8il8l2",
                "zone": "ru-central1-b"
              }
            ],
            "host_group_ids": [],
            "host_master_name": "",
            "id": "c9qoq9udic8antgf7rc3",
            "labels": {},
            "maintenance_window": [
              {
                "day": "",
                "hour": 0,
                "type": "ANYTIME"
              }
            ],
            "name": "cluster-psql-1",
            "network_id": "enpr9nvi9gci6omkmd3g",
            "restore": [],
            "security_group_ids": [],
            "status": "RUNNING",
            "timeouts": null,
            "user": [
              {
                "conn_limit": 50,
                "grants": [],
                "login": true,
                "name": "PowerfullMashin",
                "password": "mycatisRaisa123",
                "permission": [
                  {
                    "database_name": "psql-1"
                  }
                ],
                "settings": {
                  "default_transaction_isolation": "read committed",
                  "log_min_duration_statement": "5000"
                }
              }
            ]
          },
          "sensitive_attributes": [],
          "private": "eyJlMmJmYjczMC1lY2FhLTExZTYtOGY4OC0zNDM2M2JjN2M0YzAiOnsiY3JlYXRlIjoxODAwMDAwMDAwMDAwLCJkZWxldGUiOjkwMDAwMDAwMDAwMCwidXBkYXRlIjozNjAwMDAwMDAwMDAwfX0=",
          "dependencies": [
            "yandex_vpc_network.network-syka",
            "yandex_vpc_subnet.syka-subnet"
          ]
        }
      ]
    },
    {
      "mode": "managed",
      "type": "yandex_vpc_network",
      "name": "network-syka",
      "provider": "provider[\"registry.terraform.io/yandex-cloud/yandex\"]",
      "instances": [
        {
          "schema_version": 0,
          "attributes": {
            "created_at": "2023-04-02T16:05:37Z",
            "default_security_group_id": "",
            "description": "создал сеть через терраформ",
            "folder_id": "b1gd4d7843kr3km8urvc",
            "id": "enpr9nvi9gci6omkmd3g",
            "labels": {},
            "name": "network-syka",
            "subnet_ids": [
              "e2lgosgbufog8o8il8l2"
            ],
            "timeouts": null
          },
          "sensitive_attributes": [],
          "private": "eyJlMmJmYjczMC1lY2FhLTExZTYtOGY4OC0zNDM2M2JjN2M0YzAiOnsiY3JlYXRlIjo2MDAwMDAwMDAwMCwiZGVsZXRlIjo2MDAwMDAwMDAwMCwidXBkYXRlIjo2MDAwMDAwMDAwMH19"
        }
      ]
    },
    {
      "mode": "managed",
      "type": "yandex_vpc_subnet",
      "name": "syka-subnet",
      "provider": "provider[\"registry.terraform.io/yandex-cloud/yandex\"]",
      "instances": [
        {
          "schema_version": 0,
          "attributes": {
            "created_at": "2023-04-03T00:54:19Z",
            "description": "Создал подсеть через терраформ",
            "dhcp_options": [],
            "folder_id": "b1gd4d7843kr3km8urvc",
            "id": "e2lgosgbufog8o8il8l2",
            "labels": {},
            "name": "syka-subnet",
            "network_id": "enpr9nvi9gci6omkmd3g",
            "route_table_id": "",
            "timeouts": null,
            "v4_cidr_blocks": [
              "10.2.0.0/16"
            ],
            "v6_cidr_blocks": [],
            "zone": "ru-central1-b"
          },
          "sensitive_attributes": [],
          "private": "eyJlMmJmYjczMC1lY2FhLTExZTYtOGY4OC0zNDM2M2JjN2M0YzAiOnsiY3JlYXRlIjoxODAwMDAwMDAwMDAsImRlbGV0ZSI6MTgwMDAwMDAwMDAwLCJ1cGRhdGUiOjE4MDAwMDAwMDAwMH19",
          "dependencies": [
            "yandex_vpc_network.network-syka"
          ]
        }
      ]
    }
  ],
  "check_results": null
}
